
Microsoft Visual Studio Solution File, Format Version 12.00
# Visual Studio Version 17
VisualStudioVersion = 17.5.002.0
MinimumVisualStudioVersion = 10.0.40219.1
Project("{9A19103F-16F7-4668-BE54-9A1E7A4F7556}") = "KTSim.Gui", "KTSim\KTSim.Gui.csproj", "{F3CB6CDD-0143-451B-BF1A-722A4DAC504B}"
EndProject
Project("{9A19103F-16F7-4668-BE54-9A1E7A4F7556}") = "KTSim.Models", "KTSim.Models\KTSim.Models.csproj", "{5EA05ACB-FF46-40D8-94C7-FFB56235948D}"
EndProject
Global
	GlobalSection(SolutionConfigurationPlatforms) = preSolution
		Debug|Any CPU = Debug|Any CPU
		Release|Any CPU = Release|Any CPU
	EndGlobalSection
	GlobalSection(ProjectConfigurationPlatforms) = postSolution
		{F3CB6CDD-0143-451B-BF1A-722A4DAC504B}.Debug|Any CPU.ActiveCfg = Debug|Any CPU
		{F3CB6CDD-0143-451B-BF1A-722A4DAC504B}.Debug|Any CPU.Build.0 = Debug|Any CPU
		{F3CB6CDD-0143-451B-BF1A-722A4DAC504B}.Release|Any CPU.ActiveCfg = Release|Any CPU
		{F3CB6CDD-0143-451B-BF1A-722A4DAC504B}.Release|Any CPU.Build.0 = Release|Any CPU
		{5EA05ACB-FF46-40D8-94C7-FFB56235948D}.Debug|Any CPU.ActiveCfg = Debug|Any CPU
		{5EA05ACB-FF46-40D8-94C7-FFB56235948D}.Debug|Any CPU.Build.0 = Debug|Any CPU
		{5EA05ACB-FF46-40D8-94C7-FFB56235948D}.Release|Any CPU.ActiveCfg = Release|Any CPU
		{5EA05ACB-FF46-40D8-94C7-FFB56235948D}.Release|Any CPU.Build.0 = Release|Any CPU
	EndGlobalSection
	GlobalSection(SolutionProperties) = preSolution
		HideSolutionNode = FALSE
	EndGlobalSection
	GlobalSection(ExtensibilityGlobals) = postSolution
		SolutionGuid = {A6152017-9EB6-4AFB-83C4-6C201595D5EE}
	EndGlobalSection
EndGlobal
